// !$*UTF8*$!
{
	archiveVersion = 1;
	classes = {
	};
	objectVersion = 46;
	objects = {

/* Begin PBXBuildFile section */
		914C09AC1F8E88AE005E8078 /* AppDelegate.swift in Sources */ = {isa = PBXBuildFile; fileRef = 914C09AB1F8E88AE005E8078 /* AppDelegate.swift */; };
		914C09AE1F8E88AE005E8078 /* ViewController.swift in Sources */ = {isa = PBXBuildFile; fileRef = 914C09AD1F8E88AE005E8078 /* ViewController.swift */; };
		914C09B11F8E88AE005E8078 /* Main.storyboard in Resources */ = {isa = PBXBuildFile; fileRef = 914C09AF1F8E88AE005E8078 /* Main.storyboard */; };
		914C09B31F8E88AE005E8078 /* Assets.xcassets in Resources */ = {isa = PBXBuildFile; fileRef = 914C09B21F8E88AE005E8078 /* Assets.xcassets */; };
		914C09B61F8E88AE005E8078 /* LaunchScreen.storyboard in Resources */ = {isa = PBXBuildFile; fileRef = 914C09B41F8E88AE005E8078 /* LaunchScreen.storyboard */; };
/* End PBXBuildFile section */

/* Begin PBXFileReference section */
		914C09A81F8E88AE005E8078 /* CircleInSquare.app */ = {isa = PBXFileReference; explicitFileType = wrapper.application; includeInIndex = 0; path = CircleInSquare.app; sourceTree = BUILT_PRODUCTS_DIR; };
		914C09AB1F8E88AE005E8078 /* AppDelegate.swift */ = {isa = PBXFileReference; lastKnownFileType = sourcecode.swift; path = AppDelegate.swift; sourceTree = "<group>"; };
		914C09AD1F8E88AE005E8078 /* ViewController.swift */ = {isa = PBXFileReference; lastKnownFileType = sourcecode.swift; path = ViewController.swift; sourceTree = "<group>"; };
		914C09B01F8E88AE005E8078 /* Base */ = {isa = PBXFileReference; lastKnownFileType = file.storyboard; name = Base; path = Base.lproj/Main.storyboard; sourceTree = "<group>"; };
		914C09B21F8E88AE005E8078 /* Assets.xcassets */ = {isa = PBXFileReference; lastKnownFileType = folder.assetcatalog; path = Assets.xcassets; sourceTree = "<group>"; };
		914C09B51F8E88AE005E8078 /* Base */ = {isa = PBXFileReference; lastKnownFileType = file.storyboard; name = Base; path = Base.lproj/LaunchScreen.storyboard; sourceTree = "<group>"; };
		914C09B71F8E88AE005E8078 /* Info.plist */ = {isa = PBXFileReference; lastKnownFileType = text.plist.xml; path = Info.plist; sourceTree = "<group>"; };
/* End PBXFileReference section */

/* Begin PBXFrameworksBuildPhase section */
		914C09A51F8E88AE005E8078 /* Frameworks */ = {
			isa = PBXFrameworksBuildPhase;
			buildActionMask = 2147483647;
			files = (
			);
			runOnlyForDeploymentPostprocessing = 0;
		};
/* End PBXFrameworksBuildPhase section */

/* Begin PBXGroup section */
		914C099F1F8E88AE005E8078 = {
			isa = PBXGroup;
			children = (
				914C09AA1F8E88AE005E8078 /* CircleInSquare */,
				914C09A91F8E88AE005E8078 /* Products */,
			);
			sourceTree = "<group>";
		};
		914C09A91F8E88AE005E8078 /* Products */ = {
			isa = PBXGroup;
			children = (
				914C09A81F8E88AE005E8078 /* CircleInSquare.app */,
			);
			name = Products;
			sourceTree = "<group>";
		};
		914C09AA1F8E88AE005E8078 /* CircleInSquare */ = {
			isa = PBXGroup;
			children = (
				914C09AB1F8E88AE005E8078 /* AppDelegate.swift */,
				914C09AD1F8E88AE005E8078 /* ViewController.swift */,
				914C09AF1F8E88AE005E8078 /* Main.storyboard */,
				914C09B21F8E88AE005E8078 /* Assets.xcassets */,
				914C09B41F8E88AE005E8078 /* LaunchScreen.storyboard */,
				914C09B71F8E88AE005E8078 /* Info.plist */,
			);
			path = CircleInSquare;
			sourceTree = "<group>";
		};
/* End PBXGroup section */

/* Begin PBXNativeTarget section */
		914C09A71F8E88AE005E8078 /* CircleInSquare */ = {
			isa = PBXNativeTarget;
			buildConfigurationList = 914C09BA1F8E88AE005E8078 /* Build configuration list for PBXNativeTarget "CircleInSquare" */;
			buildPhases = (
				914C09A41F8E88AE005E8078 /* Sources */,
				914C09A51F8E88AE005E8078 /* Frameworks */,
				914C09A61F8E88AE005E8078 /* Resources */,
			);
			buildRules = (
			);
			dependencies = (
			);
			name = CircleInSquare;
			productName = CircleInSquare;
			productReference = 914C09A81F8E88AE005E8078 /* CircleInSquare.app */;
			productType = "com.apple.product-type.application";
		};
/* End PBXNativeTarget section */

/* Begin PBXProject section */
		914C09A01F8E88AE005E8078 /* Project object */ = {
			isa = PBXProject;
			attributes = {
				LastSwiftUpdateCheck = 0830;
				LastUpgradeCheck = 0830;
				ORGANIZATIONNAME = Ross;
				TargetAttributes = {
					914C09A71F8E88AE005E8078 = {
						CreatedOnToolsVersion = 8.3.3;
						ProvisioningStyle = Automatic;
					};
				};
			};
			buildConfigurationList = 914C09A31F8E88AE005E8078 /* Build configuration list for PBXProject "CircleInSquare" */;
			compatibilityVersion = "Xcode 3.2";
			developmentRegion = English;
			hasScannedForEncodings = 0;
			knownRegions = (
				en,
				Base,
			);
			mainGroup = 914C099F1F8E88AE005E8078;
			productRefGroup = 914C09A91F8E88AE005E8078 /* Products */;
			projectDirPath = "";
			projectRoot = "";
			targets = (
				914C09A71F8E88AE005E8078 /* CircleInSquare */,
			);
		};
/* End PBXProject section */

/* Begin PBXResourcesBuildPhase section */
		914C09A61F8E88AE005E8078 /* Resources */ = {
			isa = PBXResourcesBuildPhase;
			buildActionMask = 2147483647;
			files = (
				914C09B61F8E88AE005E8078 /* LaunchScreen.storyboard in Resources */,
				914C09B31F8E88AE005E8078 /* Assets.xcassets in Resources */,
				914C09B11F8E88AE005E8078 /* Main.storyboard in Resources */,
			);
			runOnlyForDeploymentPostprocessing = 0;
		};
/* End PBXResourcesBuildPhase section */

/* Begin PBXSourcesBuildPhase section */
		914C09A41F8E88AE005E8078 /* Sources */ = {
			isa = PBXSourcesBuildPhase;
			buildActionMask = 2147483647;
			files = (
				914C09AE1F8E88AE005E8078 /* ViewController.swift in Sources */,
				914C09AC1F8E88AE005E8078 /* AppDelegate.swift in Sources */,
			);
			runOnlyForDeploymentPostprocessing = 0;
		};
/* End PBXSourcesBuildPhase section */

/* Begin PBXVariantGroup section */
		914C09AF1F8E88AE005E8078 /* Main.storyboard */ = {
			isa = PBXVariantGroup;
			children = (
				914C09B01F8E88AE005E8078 /* Base */,
			);
			name = Main.storyboard;
			sourceTree = "<group>";
		};
		914C09B41F8E88AE005E8078 /* LaunchScreen.storyboard */ = {
			isa = PBXVariantGroup;
			children = (
				914C09B51F8E88AE005E8078 /* Base */,
			);
			name = LaunchScreen.storyboard;
			sourceTree = "<group>";
		};
/* End PBXVariantGroup section */

/* Begin XCBuildConfiguration section */
		914C09B81F8E88AE005E8078 /* Debug */ = {
			isa = XCBuildConfiguration;
			buildSettings = {
				ALWAYS_SEARCH_USER_PATHS = NO;
				CLANG_ANALYZER_NONNULL = YES;
				CLANG_ANALYZER_NUMBER_OBJECT_CONVERSION = YES_AGGRESSIVE;
				CLANG_CXX_LANGUAGE_STANDARD = "gnu++0x";
				CLANG_CXX_LIBRARY = "libc++";
				CLANG_ENABLE_MODULES = YES;
				CLANG_ENABLE_OBJC_ARC = YES;
				CLANG_WARN_BOOL_CONVERSION = YES;
				CLANG_WARN_CONSTANT_CONVERSION = YES;
				CLANG_WARN_DIRECT_OBJC_ISA_USAGE = YES_ERROR;
				CLANG_WARN_DOCUMENTATION_COMMENTS = YES;
				CLANG_WARN_EMPTY_BODY = YES;
				CLANG_WARN_ENUM_CONVERSION = YES;
				CLANG_WARN_INFINITE_RECURSION = YES;
				CLANG_WARN_INT_CONVERSION = YES;
				CLANG_WARN_OBJC_ROOT_CLASS = YES_ERROR;
				CLANG_WARN_SUSPICIOUS_MOVE = YES;
				CLANG_WARN_UNREACHABLE_CODE = YES;
				CLANG_WARN__DUPLICATE_METHOD_MATCH = YES;
				"CODE_SIGN_IDENTITY[sdk=iphoneos*]" = "iPhone Developer";
				COPY_PHASE_STRIP = NO;
				DEBUG_INFORMATION_FORMAT = dwarf;
				ENABLE_STRICT_OBJC_MSGSEND = YES;
				ENABLE_TESTABILITY = YES;
				GCC_C_LANGUAGE_STANDARD = gnu99;
				GCC_DYNAMIC_NO_PIC = NO;
				GCC_NO_COMMON_BLOCKS = YES;
				GCC_OPTIMIZATION_LEVEL = 0;
				GCC_PREPROCESSOR_DEFINITIONS = (
					"DEBUG=1",
					"$(inherited)",
				);
				GCC_WARN_64_TO_32_BIT_CONVERSION = YES;
				GCC_WARN_ABOUT_RETURN_TYPE = YES_ERROR;
				GCC_WARN_UNDECLARED_SELECTOR = YES;
				GCC_WARN_UNINITIALIZED_AUTOS = YES_AGGRESSIVE;
				GCC_WARN_UNUSED_FUNCTION = YES;
				GCC_WARN_UNUSED_VARIABLE = YES;
				IPHONEOS_DEPLOYMENT_TARGET = 10.3;
				MTL_ENABLE_DEBUG_INFO = YES;
				ONLY_ACTIVE_ARCH = YES;
				SDKROOT = iphoneos;
				SWIFT_ACTIVE_COMPILATION_CONDITIONS = DEBUG;
				SWIFT_OPTIMIZATION_LEVEL = "-Onone";
				TARGETED_DEVICE_FAMILY = "1,2";
			};
			name = Debug;
		};
		914C09B91F8E88AE005E8078 /* Release */ = {
			isa = XCBuildConfiguration;
			buildSettings = {
				ALWAYS_SEARCH_USER_PATHS = NO;
				CLANG_ANALYZER_NONNULL = YES;
				CLANG_ANALYZER_NUMBER_OBJECT_CONVERSION = YES_AGGRESSIVE;
				CLANG_CXX_LANGUAGE_STANDARD = "gnu++0x";
				CLANG_CXX_LIBRARY = "libc++";
				CLANG_ENABLE_MODULES = YES;
				CLANG_ENABLE_OBJC_ARC = YES;
				CLANG_WARN_BOOL_CONVERSION = YES;
				CLANG_WARN_CONSTANT_CONVERSION = YES;
				CLANG_WARN_DIRECT_OBJC_ISA_USAGE = YES_ERROR;
				CLANG_WARN_DOCUMENTATION_COMMENTS = YES;
				CLANG_WARN_EMPTY_BODY = YES;
				CLANG_WARN_ENUM_CONVERSION = YES;
				CLANG_WARN_INFINITE_RECURSION = YES;
				CLANG_WARN_INT_CONVERSION = YES;
				CLANG_WARN_OBJC_ROOT_CLASS = YES_ERROR;
				CLANG_WARN_SUSPICIOUS_MOVE = YES;
				CLANG_WARN_UNREACHABLE_CODE = YES;
				CLANG_WARN__DUPLICATE_METHOD_MATCH = YES;
				"CODE_SIGN_IDENTITY[sdk=iphoneos*]" = "iPhone Developer";
				COPY_PHASE_STRIP = NO;
				DEBUG_INFORMATION_FORMAT = "dwarf-with-dsym";
				ENABLE_NS_ASSERTIONS = NO;
				ENABLE_STRICT_OBJC_MSGSEND = YES;
				GCC_C_LANGUAGE_STANDARD = gnu99;
				GCC_NO_COMMON_BLOCKS = YES;
				GCC_WARN_64_TO_32_BIT_CONVERSION = YES;
				GCC_WARN_ABOUT_RETURN_TYPE = YES_ERROR;
				GCC_WARN_UNDECLARED_SELECTOR = YES;
				GCC_WARN_UNINITIALIZED_AUTOS = YES_AGGRESSIVE;
				GCC_WARN_UNUSED_FUNCTION = YES;
				GCC_WARN_UNUSED_VARIABLE = YES;
				IPHONEOS_DEPLOYMENT_TARGET = 10.3;
				MTL_ENABLE_DEBUG_INFO = NO;
				SDKROOT = iphoneos;
				SWIFT_OPTIMIZATION_LEVEL = "-Owholemodule";
				TARGETED_DEVICE_FAMILY = "1,2";
				VALIDATE_PRODUCT = YES;
			};
			name = Release;
		};
		914C09BB1F8E88AE005E8078 /* Debug */ = {
			isa = XCBuildConfiguration;
			buildSettings = {
				ASSETCATALOG_COMPILER_APPICON_NAME = AppIcon;
				INFOPLIST_FILE = CircleInSquare/Info.plist;
				LD_RUNPATH_SEARCH_PATHS = "$(inherited) @executable_path/Frameworks";
				PRODUCT_BUNDLE_IDENTIFIER = com.smilemachine.CircleInSquare;
				PRODUCT_NAME = "$(TARGET_NAME)";
				SWIFT_VERSION = 3.0;
			};
			name = Debug;
		};
		914C09BC1F8E88AE005E8078 /* Release */ = {
			isa = XCBuildConfiguration;
			buildSettings = {
				ASSETCATALOG_COMPILER_APPICON_NAME = AppIcon;
				INFOPLIST_FILE = CircleInSquare/Info.plist;
				LD_RUNPATH_SEARCH_PATHS = "$(inherited) @executable_path/Frameworks";
				PRODUCT_BUNDLE_IDENTIFIER = com.smilemachine.CircleInSquare;
				PRODUCT_NAME = "$(TARGET_NAME)";
				SWIFT_VERSION = 3.0;
			};
			name = Release;
		};
/* End XCBuildConfiguration section */

/* Begin XCConfigurationList section */
		914C09A31F8E88AE005E8078 /* Build configuration list for PBXProject "CircleInSquare" */ = {
			isa = XCConfigurationList;
			buildConfigurations = (
				914C09B81F8E88AE005E8078 /* Debug */,
				914C09B91F8E88AE005E8078 /* Release */,
			);
			defaultConfigurationIsVisible = 0;
			defaultConfigurationName = Release;
		};
		914C09BA1F8E88AE005E8078 /* Build configuration list for PBXNativeTarget "CircleInSquare" */ = {
			isa = XCConfigurationList;
			buildConfigurations = (
				914C09BB1F8E88AE005E8078 /* Debug */,
				914C09BC1F8E88AE005E8078 /* Release */,
			);
			defaultConfigurationIsVisible = 0;
		};
/* End XCConfigurationList section */
	};
	rootObject = 914C09A01F8E88AE005E8078 /* Project object */;
}
